
Microsoft Visual Studio Solution File, Format Version 12.00
# Visual Studio 15
VisualStudioVersion = 15.0.27130.2010
MinimumVisualStudioVersion = 10.0.40219.1
Project("{9A19103F-16F7-4668-BE54-9A1E7A4F7556}") = "LambdaFramework", "LambdaFramework\LambdaFramework.csproj", "{6B89312B-3B57-4EDF-8B19-B967E8DD287F}"
EndProject
Global
	GlobalSection(SolutionConfigurationPlatforms) = preSolution
		Debug|Any CPU = Debug|Any CPU
		Release|Any CPU = Release|Any CPU
	EndGlobalSection
	GlobalSection(ProjectConfigurationPlatforms) = postSolution
		{6B89312B-3B57-4EDF-8B19-B967E8DD287F}.Debug|Any CPU.ActiveCfg = Debug|Any CPU
		{6B89312B-3B57-4EDF-8B19-B967E8DD287F}.Debug|Any CPU.Build.0 = Debug|Any CPU
		{6B89312B-3B57-4EDF-8B19-B967E8DD287F}.Release|Any CPU.ActiveCfg = Release|Any CPU
		{6B89312B-3B57-4EDF-8B19-B967E8DD287F}.Release|Any CPU.Build.0 = Release|Any CPU
	EndGlobalSection
	GlobalSection(SolutionProperties) = preSolution
		HideSolutionNode = FALSE
	EndGlobalSection
	GlobalSection(ExtensibilityGlobals) = postSolution
		SolutionGuid = {6A3F95C2-AC2A-4565-BEA4-0D5D90F60152}
	EndGlobalSection
EndGlobal
